Microsoft Visual Studio Solution File, Format Version 12.00
# Visual Studio 14
VisualStudioVersion = 14.0.25420.1
MinimumVisualStudioVersion = 10.0.40219.1
Project("{2150E333-8FDC-42A3-9474-1A3956D46DE8}") = "FrwTwemoji-SizeLimited", "FrwTwemoji-SizeLimited", "{49C31651-909D-4879-8B5E-C54ADD4E7C63}"
EndProject
Project("{2150E333-8FDC-42A3-9474-1A3956D46DE8}") = "SolutionFiles", "SolutionFiles", "{922271EF-D957-414B-823C-3EA3E44ADC86}"
	ProjectSection(SolutionItems) = preProject
		Changelog.md = Changelog.md
		Help.md = Help.md
		LICENSE = LICENSE
		LICENSE-GRAPHICS = LICENSE-GRAPHICS
		README.md = README.md
		Settings.StyleCop = Settings.StyleCop
	EndProjectSection
EndProject
Project("{2150E333-8FDC-42A3-9474-1A3956D46DE8}") = "TestApplications", "TestApplications", "{A1D8B1AE-62CC-4DD3-B365-0B83284F2981}"
EndProject
Project("{FAE04EC0-301F-11D3-BF4B-00C04F79EFBC}") = "Generator", "Generator\Generator.csproj", "{079BDF7B-B5EC-4922-B374-806B87620600}"
EndProject
Project("{2150E333-8FDC-42A3-9474-1A3956D46DE8}") = "Generated", "Generated", "{82FB7D47-3A6C-4FE5-8B20-B3C99A4143E6}"
EndProject
Project("{FAE04EC0-301F-11D3-BF4B-00C04F79EFBC}") = "FrwTwemoji", "Generated\FrwTwemoji\FrwTwemoji.csproj", "{4E6046B7-E4FB-41E1-9972-1FFAFDCEB2C9}"
EndProject
Project("{FAE04EC0-301F-11D3-BF4B-00C04F79EFBC}") = "FrwTwemoji72x", "Generated\FrwTwemoji72x\FrwTwemoji72x.csproj", "{D2A70710-15B5-4F4E-95D7-FE1D413DBDE3}"
EndProject
Project("{FAE04EC0-301F-11D3-BF4B-00C04F79EFBC}") = "FrwTwemojiSvg", "Generated\FrwTwemojiSvg\FrwTwemojiSvg.csproj", "{F74B85FE-364D-43B8-B36B-BDE78F5C662B}"
EndProject
Project("{2150E333-8FDC-42A3-9474-1A3956D46DE8}") = "from Unicode.org", "from Unicode.org", "{85C5FDD4-A477-400A-9C42-137F6F35812F}"
	ProjectSection(SolutionItems) = preProject
		EmojiSources.txt = EmojiSources.txt
		Local-EmojiSources.txt = Local-EmojiSources.txt
		Local-StandardizedVariants.txt = Local-StandardizedVariants.txt
		StandardizedVariants.txt = StandardizedVariants.txt
	EndProjectSection
EndProject
Project("{FAE04EC0-301F-11D3-BF4B-00C04F79EFBC}") = "TestWebApp", "Tests\TestWebApp\TestWebApp.csproj", "{71371CB2-C6FA-4B9D-A3F3-D9E6855F4F10}"
EndProject
Project("{FAE04EC0-301F-11D3-BF4B-00C04F79EFBC}") = "TestWinFormApp", "Tests\TestWinFormApp\TestWinFormApp.csproj", "{13E8CF17-AD11-4E84-82DD-E40054168310}"
EndProject
Project("{2150E333-8FDC-42A3-9474-1A3956D46DE8}") = "From Twemoji", "From Twemoji", "{303F359E-F592-4D14-9C9F-1C4A01EE2E5C}"
	ProjectSection(SolutionItems) = preProject
		Twitter-twemoji\twemoji-generator.js = Twitter-twemoji\twemoji-generator.js
		Twitter-twemoji\twemoji.js = Twitter-twemoji\twemoji.js
	EndProjectSection
EndProject
Project("{2150E333-8FDC-42A3-9474-1A3956D46DE8}") = "From Twemoji 2", "From Twemoji 2", "{014CF181-49A8-46A4-8DE8-E4CEB617BDAB}"
	ProjectSection(SolutionItems) = preProject
		Twitter-twemoji\2\utils\generate = Twitter-twemoji\2\utils\generate
		Twitter-twemoji\2\twemoji.js = Twitter-twemoji\2\twemoji.js
	EndProjectSection
EndProject
Global
	GlobalSection(SolutionConfigurationPlatforms) = preSolution
		Debug|Any CPU = Debug|Any CPU
		Release|Any CPU = Release|Any CPU
	EndGlobalSection
	GlobalSection(ProjectConfigurationPlatforms) = postSolution
		{079BDF7B-B5EC-4922-B374-806B87620600}.Debug|Any CPU.ActiveCfg = Debug|Any CPU
		{079BDF7B-B5EC-4922-B374-806B87620600}.Debug|Any CPU.Build.0 = Debug|Any CPU
		{079BDF7B-B5EC-4922-B374-806B87620600}.Release|Any CPU.ActiveCfg = Release|Any CPU
		{079BDF7B-B5EC-4922-B374-806B87620600}.Release|Any CPU.Build.0 = Release|Any CPU
		{4E6046B7-E4FB-41E1-9972-1FFAFDCEB2C9}.Debug|Any CPU.ActiveCfg = Debug|Any CPU
		{4E6046B7-E4FB-41E1-9972-1FFAFDCEB2C9}.Debug|Any CPU.Build.0 = Debug|Any CPU
		{4E6046B7-E4FB-41E1-9972-1FFAFDCEB2C9}.Release|Any CPU.ActiveCfg = Release|Any CPU
		{4E6046B7-E4FB-41E1-9972-1FFAFDCEB2C9}.Release|Any CPU.Build.0 = Release|Any CPU
		{D2A70710-15B5-4F4E-95D7-FE1D413DBDE3}.Debug|Any CPU.ActiveCfg = Debug|Any CPU
		{D2A70710-15B5-4F4E-95D7-FE1D413DBDE3}.Debug|Any CPU.Build.0 = Debug|Any CPU
		{D2A70710-15B5-4F4E-95D7-FE1D413DBDE3}.Release|Any CPU.ActiveCfg = Release|Any CPU
		{D2A70710-15B5-4F4E-95D7-FE1D413DBDE3}.Release|Any CPU.Build.0 = Release|Any CPU
		{F74B85FE-364D-43B8-B36B-BDE78F5C662B}.Debug|Any CPU.ActiveCfg = Debug|Any CPU
		{F74B85FE-364D-43B8-B36B-BDE78F5C662B}.Debug|Any CPU.Build.0 = Debug|Any CPU
		{F74B85FE-364D-43B8-B36B-BDE78F5C662B}.Release|Any CPU.ActiveCfg = Release|Any CPU
		{F74B85FE-364D-43B8-B36B-BDE78F5C662B}.Release|Any CPU.Build.0 = Release|Any CPU
		{71371CB2-C6FA-4B9D-A3F3-D9E6855F4F10}.Debug|Any CPU.ActiveCfg = Debug|Any CPU
		{71371CB2-C6FA-4B9D-A3F3-D9E6855F4F10}.Debug|Any CPU.Build.0 = Debug|Any CPU
		{71371CB2-C6FA-4B9D-A3F3-D9E6855F4F10}.Release|Any CPU.ActiveCfg = Release|Any CPU
		{71371CB2-C6FA-4B9D-A3F3-D9E6855F4F10}.Release|Any CPU.Build.0 = Release|Any CPU
		{13E8CF17-AD11-4E84-82DD-E40054168310}.Debug|Any CPU.ActiveCfg = Debug|Any CPU
		{13E8CF17-AD11-4E84-82DD-E40054168310}.Debug|Any CPU.Build.0 = Debug|Any CPU
		{13E8CF17-AD11-4E84-82DD-E40054168310}.Release|Any CPU.ActiveCfg = Release|Any CPU
		{13E8CF17-AD11-4E84-82DD-E40054168310}.Release|Any CPU.Build.0 = Release|Any CPU
	EndGlobalSection
	GlobalSection(SolutionProperties) = preSolution
		HideSolutionNode = FALSE
	EndGlobalSection
	GlobalSection(NestedProjects) = preSolution
		{49C31651-909D-4879-8B5E-C54ADD4E7C63} = {82FB7D47-3A6C-4FE5-8B20-B3C99A4143E6}
		{4E6046B7-E4FB-41E1-9972-1FFAFDCEB2C9} = {82FB7D47-3A6C-4FE5-8B20-B3C99A4143E6}
		{D2A70710-15B5-4F4E-95D7-FE1D413DBDE3} = {49C31651-909D-4879-8B5E-C54ADD4E7C63}
		{F74B85FE-364D-43B8-B36B-BDE78F5C662B} = {49C31651-909D-4879-8B5E-C54ADD4E7C63}
		{85C5FDD4-A477-400A-9C42-137F6F35812F} = {922271EF-D957-414B-823C-3EA3E44ADC86}
		{71371CB2-C6FA-4B9D-A3F3-D9E6855F4F10} = {A1D8B1AE-62CC-4DD3-B365-0B83284F2981}
		{13E8CF17-AD11-4E84-82DD-E40054168310} = {A1D8B1AE-62CC-4DD3-B365-0B83284F2981}
		{303F359E-F592-4D14-9C9F-1C4A01EE2E5C} = {922271EF-D957-414B-823C-3EA3E44ADC86}
		{014CF181-49A8-46A4-8DE8-E4CEB617BDAB} = {922271EF-D957-414B-823C-3EA3E44ADC86}
	EndGlobalSection
EndGlobal
